
Microsoft Visual Studio Solution File, Format Version 12.00
# Visual Studio 14
VisualStudioVersion = 14.0.25420.1
MinimumVisualStudioVersion = 10.0.40219.1
Project("{FAE04EC0-301F-11D3-BF4B-00C04F79EFBC}") = "EasyMQ.Service", "EasyMQ.Service\EasyMQ.Service.csproj", "{6C220151-CC05-441A-95A8-9843330DB028}"
EndProject
Project("{FAE04EC0-301F-11D3-BF4B-00C04F79EFBC}") = "EasyMQ.Model", "EasyMQ.Model\EasyMQ.Model.csproj", "{AE8FCC1B-BCBD-4BDF-9087-7C8D9E2C537E}"
EndProject
Project("{FAE04EC0-301F-11D3-BF4B-00C04F79EFBC}") = "EasyMQ.Framework", "EasyMQ.Framework\EasyMQ.Framework.csproj", "{5054061B-2B0C-4031-8691-BA956F8B80C5}"
EndProject
Project("{FAE04EC0-301F-11D3-BF4B-00C04F79EFBC}") = "EasyMQ.Common", "EasyMQ.Common\EasyMQ.Common.csproj", "{E9B1F86F-CF0B-40BE-BE96-661523FC0928}"
EndProject
Project("{2150E333-8FDC-42A3-9474-1A3956D46DE8}") = "Core", "Core", "{ED85BA1E-FE67-4F51-BB26-C443A99F087A}"
EndProject
Project("{2150E333-8FDC-42A3-9474-1A3956D46DE8}") = "Services", "Services", "{1D9D8AD2-52A4-4D06-878E-8844814AD79A}"
EndProject
Project("{2150E333-8FDC-42A3-9474-1A3956D46DE8}") = "Database", "Database", "{5ED07201-4091-4AF9-95C2-5D911084A0A6}"
EndProject
Project("{FAE04EC0-301F-11D3-BF4B-00C04F79EFBC}") = "EasyMQ.Service.RabbitMQ.Subscribe", "Services\EasyMQ.Service.RabbitMQ.Subscribe\EasyMQ.Service.RabbitMQ.Subscribe.csproj", "{E05FF06C-7177-4181-A8D3-EE2EC1B09D95}"
EndProject
Global
	GlobalSection(SolutionConfigurationPlatforms) = preSolution
		Debug|Any CPU = Debug|Any CPU
		Release|Any CPU = Release|Any CPU
	EndGlobalSection
	GlobalSection(ProjectConfigurationPlatforms) = postSolution
		{6C220151-CC05-441A-95A8-9843330DB028}.Debug|Any CPU.ActiveCfg = Debug|Any CPU
		{6C220151-CC05-441A-95A8-9843330DB028}.Debug|Any CPU.Build.0 = Debug|Any CPU
		{6C220151-CC05-441A-95A8-9843330DB028}.Release|Any CPU.ActiveCfg = Release|Any CPU
		{6C220151-CC05-441A-95A8-9843330DB028}.Release|Any CPU.Build.0 = Release|Any CPU
		{AE8FCC1B-BCBD-4BDF-9087-7C8D9E2C537E}.Debug|Any CPU.ActiveCfg = Debug|Any CPU
		{AE8FCC1B-BCBD-4BDF-9087-7C8D9E2C537E}.Debug|Any CPU.Build.0 = Debug|Any CPU
		{AE8FCC1B-BCBD-4BDF-9087-7C8D9E2C537E}.Release|Any CPU.ActiveCfg = Release|Any CPU
		{AE8FCC1B-BCBD-4BDF-9087-7C8D9E2C537E}.Release|Any CPU.Build.0 = Release|Any CPU
		{5054061B-2B0C-4031-8691-BA956F8B80C5}.Debug|Any CPU.ActiveCfg = Debug|Any CPU
		{5054061B-2B0C-4031-8691-BA956F8B80C5}.Debug|Any CPU.Build.0 = Debug|Any CPU
		{5054061B-2B0C-4031-8691-BA956F8B80C5}.Release|Any CPU.ActiveCfg = Release|Any CPU
		{5054061B-2B0C-4031-8691-BA956F8B80C5}.Release|Any CPU.Build.0 = Release|Any CPU
		{E9B1F86F-CF0B-40BE-BE96-661523FC0928}.Debug|Any CPU.ActiveCfg = Debug|Any CPU
		{E9B1F86F-CF0B-40BE-BE96-661523FC0928}.Debug|Any CPU.Build.0 = Debug|Any CPU
		{E9B1F86F-CF0B-40BE-BE96-661523FC0928}.Release|Any CPU.ActiveCfg = Release|Any CPU
		{E9B1F86F-CF0B-40BE-BE96-661523FC0928}.Release|Any CPU.Build.0 = Release|Any CPU
		{E05FF06C-7177-4181-A8D3-EE2EC1B09D95}.Debug|Any CPU.ActiveCfg = Debug|Any CPU
		{E05FF06C-7177-4181-A8D3-EE2EC1B09D95}.Debug|Any CPU.Build.0 = Debug|Any CPU
		{E05FF06C-7177-4181-A8D3-EE2EC1B09D95}.Release|Any CPU.ActiveCfg = Release|Any CPU
		{E05FF06C-7177-4181-A8D3-EE2EC1B09D95}.Release|Any CPU.Build.0 = Release|Any CPU
	EndGlobalSection
	GlobalSection(SolutionProperties) = preSolution
		HideSolutionNode = FALSE
	EndGlobalSection
	GlobalSection(NestedProjects) = preSolution
		{6C220151-CC05-441A-95A8-9843330DB028} = {ED85BA1E-FE67-4F51-BB26-C443A99F087A}
		{AE8FCC1B-BCBD-4BDF-9087-7C8D9E2C537E} = {5ED07201-4091-4AF9-95C2-5D911084A0A6}
		{5054061B-2B0C-4031-8691-BA956F8B80C5} = {ED85BA1E-FE67-4F51-BB26-C443A99F087A}
		{E9B1F86F-CF0B-40BE-BE96-661523FC0928} = {ED85BA1E-FE67-4F51-BB26-C443A99F087A}
		{E05FF06C-7177-4181-A8D3-EE2EC1B09D95} = {1D9D8AD2-52A4-4D06-878E-8844814AD79A}
	EndGlobalSection
EndGlobal
