
Microsoft Visual Studio Solution File, Format Version 12.00
# Visual Studio 14
VisualStudioVersion = 14.0.25420.1
MinimumVisualStudioVersion = 10.0.40219.1
Project("{2150E333-8FDC-42A3-9474-1A3956D46DE8}") = "Core", "Core", "{ED85BA1E-FE67-4F51-BB26-C443A99F087A}"
EndProject
Project("{2150E333-8FDC-42A3-9474-1A3956D46DE8}") = "Services", "Services", "{1D9D8AD2-52A4-4D06-878E-8844814AD79A}"
EndProject
Project("{2150E333-8FDC-42A3-9474-1A3956D46DE8}") = "Base", "Base", "{699DDE18-F7CE-4247-8F42-79863210C617}"
EndProject
Project("{FAE04EC0-301F-11D3-BF4B-00C04F79EFBC}") = "ES.Model", "ES.Model\ES.Model.csproj", "{49194223-D27C-4E0F-B527-0528092533C2}"
EndProject
Project("{FAE04EC0-301F-11D3-BF4B-00C04F79EFBC}") = "ES.Common", "ES.Common\ES.Common.csproj", "{231CC9DC-5EE9-40AF-A2DD-21B0460EE005}"
EndProject
Project("{FAE04EC0-301F-11D3-BF4B-00C04F79EFBC}") = "ES.Dal", "ES.Dal\ES.Dal.csproj", "{6B24DA2F-22ED-443E-A0ED-73BC3CB27CCB}"
EndProject
Project("{FAE04EC0-301F-11D3-BF4B-00C04F79EFBC}") = "ES.OpenApi.Client", "ES.OpenApi.Client\ES.OpenApi.Client.csproj", "{25E8FC19-FAE1-47AB-B9FA-031FBE674630}"
EndProject
Project("{FAE04EC0-301F-11D3-BF4B-00C04F79EFBC}") = "ES.Framework", "ES.Framework\ES.Framework.csproj", "{C22C1CAE-5268-42E1-A6BF-3C5B31467A67}"
EndProject
Project("{FAE04EC0-301F-11D3-BF4B-00C04F79EFBC}") = "ES.Service", "ES.Service\ES.Service.csproj", "{CF5E7655-749F-47F9-AD8A-E268790B7FC7}"
EndProject
Project("{2150E333-8FDC-42A3-9474-1A3956D46DE8}") = "Plugins", "Plugins", "{58ED1BAB-4F10-4A3A-92AD-E210E02E5C04}"
EndProject
Project("{FAE04EC0-301F-11D3-BF4B-00C04F79EFBC}") = "ES.Plugins.Handler", "ES.Plugins.Handler\ES.Plugins.Handler.csproj", "{5ECF175B-E1DD-4D14-8E1A-20688B9D166E}"
EndProject
Global
	GlobalSection(SolutionConfigurationPlatforms) = preSolution
		Debug|Any CPU = Debug|Any CPU
		Release|Any CPU = Release|Any CPU
	EndGlobalSection
	GlobalSection(ProjectConfigurationPlatforms) = postSolution
		{49194223-D27C-4E0F-B527-0528092533C2}.Debug|Any CPU.ActiveCfg = Debug|Any CPU
		{49194223-D27C-4E0F-B527-0528092533C2}.Debug|Any CPU.Build.0 = Debug|Any CPU
		{49194223-D27C-4E0F-B527-0528092533C2}.Release|Any CPU.ActiveCfg = Release|Any CPU
		{49194223-D27C-4E0F-B527-0528092533C2}.Release|Any CPU.Build.0 = Release|Any CPU
		{231CC9DC-5EE9-40AF-A2DD-21B0460EE005}.Debug|Any CPU.ActiveCfg = Debug|Any CPU
		{231CC9DC-5EE9-40AF-A2DD-21B0460EE005}.Debug|Any CPU.Build.0 = Debug|Any CPU
		{231CC9DC-5EE9-40AF-A2DD-21B0460EE005}.Release|Any CPU.ActiveCfg = Release|Any CPU
		{231CC9DC-5EE9-40AF-A2DD-21B0460EE005}.Release|Any CPU.Build.0 = Release|Any CPU
		{6B24DA2F-22ED-443E-A0ED-73BC3CB27CCB}.Debug|Any CPU.ActiveCfg = Debug|Any CPU
		{6B24DA2F-22ED-443E-A0ED-73BC3CB27CCB}.Debug|Any CPU.Build.0 = Debug|Any CPU
		{6B24DA2F-22ED-443E-A0ED-73BC3CB27CCB}.Release|Any CPU.ActiveCfg = Release|Any CPU
		{6B24DA2F-22ED-443E-A0ED-73BC3CB27CCB}.Release|Any CPU.Build.0 = Release|Any CPU
		{25E8FC19-FAE1-47AB-B9FA-031FBE674630}.Debug|Any CPU.ActiveCfg = Debug|Any CPU
		{25E8FC19-FAE1-47AB-B9FA-031FBE674630}.Debug|Any CPU.Build.0 = Debug|Any CPU
		{25E8FC19-FAE1-47AB-B9FA-031FBE674630}.Release|Any CPU.ActiveCfg = Release|Any CPU
		{25E8FC19-FAE1-47AB-B9FA-031FBE674630}.Release|Any CPU.Build.0 = Release|Any CPU
		{C22C1CAE-5268-42E1-A6BF-3C5B31467A67}.Debug|Any CPU.ActiveCfg = Debug|Any CPU
		{C22C1CAE-5268-42E1-A6BF-3C5B31467A67}.Debug|Any CPU.Build.0 = Debug|Any CPU
		{C22C1CAE-5268-42E1-A6BF-3C5B31467A67}.Release|Any CPU.ActiveCfg = Release|Any CPU
		{C22C1CAE-5268-42E1-A6BF-3C5B31467A67}.Release|Any CPU.Build.0 = Release|Any CPU
		{CF5E7655-749F-47F9-AD8A-E268790B7FC7}.Debug|Any CPU.ActiveCfg = Debug|Any CPU
		{CF5E7655-749F-47F9-AD8A-E268790B7FC7}.Debug|Any CPU.Build.0 = Debug|Any CPU
		{CF5E7655-749F-47F9-AD8A-E268790B7FC7}.Release|Any CPU.ActiveCfg = Release|Any CPU
		{CF5E7655-749F-47F9-AD8A-E268790B7FC7}.Release|Any CPU.Build.0 = Release|Any CPU
		{5ECF175B-E1DD-4D14-8E1A-20688B9D166E}.Debug|Any CPU.ActiveCfg = Debug|Any CPU
		{5ECF175B-E1DD-4D14-8E1A-20688B9D166E}.Debug|Any CPU.Build.0 = Debug|Any CPU
		{5ECF175B-E1DD-4D14-8E1A-20688B9D166E}.Release|Any CPU.ActiveCfg = Release|Any CPU
		{5ECF175B-E1DD-4D14-8E1A-20688B9D166E}.Release|Any CPU.Build.0 = Release|Any CPU
	EndGlobalSection
	GlobalSection(SolutionProperties) = preSolution
		HideSolutionNode = FALSE
	EndGlobalSection
	GlobalSection(NestedProjects) = preSolution
		{49194223-D27C-4E0F-B527-0528092533C2} = {699DDE18-F7CE-4247-8F42-79863210C617}
		{231CC9DC-5EE9-40AF-A2DD-21B0460EE005} = {699DDE18-F7CE-4247-8F42-79863210C617}
		{6B24DA2F-22ED-443E-A0ED-73BC3CB27CCB} = {699DDE18-F7CE-4247-8F42-79863210C617}
		{25E8FC19-FAE1-47AB-B9FA-031FBE674630} = {699DDE18-F7CE-4247-8F42-79863210C617}
		{C22C1CAE-5268-42E1-A6BF-3C5B31467A67} = {ED85BA1E-FE67-4F51-BB26-C443A99F087A}
		{CF5E7655-749F-47F9-AD8A-E268790B7FC7} = {ED85BA1E-FE67-4F51-BB26-C443A99F087A}
		{5ECF175B-E1DD-4D14-8E1A-20688B9D166E} = {58ED1BAB-4F10-4A3A-92AD-E210E02E5C04}
	EndGlobalSection
EndGlobal
